
Microsoft Visual Studio Solution File, Format Version 12.00
# Visual Studio Version 16
VisualStudioVersion = 16.0.31515.178
MinimumVisualStudioVersion = 10.0.40219.1
Project("{FAE04EC0-301F-11D3-BF4B-00C04F79EFBC}") = "SolucionM", "SolucionM\SolucionM.csproj", "{CEF9259F-DB91-4FF6-A97A-4F1AA3897594}"
EndProject
Global
	GlobalSection(SolutionConfigurationPlatforms) = preSolution
		Debug|Any CPU = Debug|Any CPU
		Release|Any CPU = Release|Any CPU
	EndGlobalSection
	GlobalSection(ProjectConfigurationPlatforms) = postSolution
		{CEF9259F-DB91-4FF6-A97A-4F1AA3897594}.Debug|Any CPU.ActiveCfg = Debug|Any CPU
		{CEF9259F-DB91-4FF6-A97A-4F1AA3897594}.Debug|Any CPU.Build.0 = Debug|Any CPU
		{CEF9259F-DB91-4FF6-A97A-4F1AA3897594}.Release|Any CPU.ActiveCfg = Release|Any CPU
		{CEF9259F-DB91-4FF6-A97A-4F1AA3897594}.Release|Any CPU.Build.0 = Release|Any CPU
	EndGlobalSection
	GlobalSection(SolutionProperties) = preSolution
		HideSolutionNode = FALSE
	EndGlobalSection
	GlobalSection(ExtensibilityGlobals) = postSolution
		SolutionGuid = {61F9AE94-5FC9-4C02-9629-8965CB92DC1D}
	EndGlobalSection
EndGlobal
